
Microsoft Visual Studio Solution File, Format Version 12.00
# Visual Studio Version 17
VisualStudioVersion = 17.10.35027.167
MinimumVisualStudioVersion = 10.0.40219.1
Project("{FAE04EC0-301F-11D3-BF4B-00C04F79EFBC}") = "grade-calculator", "grade-calculator\grade-calculator.csproj", "{081BC613-CE3F-44A8-A46D-60568D57BE1B}"
EndProject
Global
	GlobalSection(SolutionConfigurationPlatforms) = preSolution
		Debug|Any CPU = Debug|Any CPU
		Release|Any CPU = Release|Any CPU
	EndGlobalSection
	GlobalSection(ProjectConfigurationPlatforms) = postSolution
		{081BC613-CE3F-44A8-A46D-60568D57BE1B}.Debug|Any CPU.ActiveCfg = Debug|Any CPU
		{081BC613-CE3F-44A8-A46D-60568D57BE1B}.Debug|Any CPU.Build.0 = Debug|Any CPU
		{081BC613-CE3F-44A8-A46D-60568D57BE1B}.Release|Any CPU.ActiveCfg = Release|Any CPU
		{081BC613-CE3F-44A8-A46D-60568D57BE1B}.Release|Any CPU.Build.0 = Release|Any CPU
	EndGlobalSection
	GlobalSection(SolutionProperties) = preSolution
		HideSolutionNode = FALSE
	EndGlobalSection
	GlobalSection(ExtensibilityGlobals) = postSolution
		SolutionGuid = {88AC3F86-8F11-47AF-857B-728B1CF899B6}
	EndGlobalSection
EndGlobal
